
Microsoft Visual Studio Solution File, Format Version 12.00
# Visual Studio Version 17
VisualStudioVersion = 17.8.34511.84
MinimumVisualStudioVersion = 10.0.40219.1
Project("{FAE04EC0-301F-11D3-BF4B-00C04F79EFBC}") = "desafio_engenharia_software", "desafio_engenharia_software\desafio_engenharia_software.csproj", "{8706EC08-FB8D-4E4D-B995-6930881B2D64}"
EndProject
Global
	GlobalSection(SolutionConfigurationPlatforms) = preSolution
		Debug|Any CPU = Debug|Any CPU
		Release|Any CPU = Release|Any CPU
	EndGlobalSection
	GlobalSection(ProjectConfigurationPlatforms) = postSolution
		{8706EC08-FB8D-4E4D-B995-6930881B2D64}.Debug|Any CPU.ActiveCfg = Debug|Any CPU
		{8706EC08-FB8D-4E4D-B995-6930881B2D64}.Debug|Any CPU.Build.0 = Debug|Any CPU
		{8706EC08-FB8D-4E4D-B995-6930881B2D64}.Release|Any CPU.ActiveCfg = Release|Any CPU
		{8706EC08-FB8D-4E4D-B995-6930881B2D64}.Release|Any CPU.Build.0 = Release|Any CPU
	EndGlobalSection
	GlobalSection(SolutionProperties) = preSolution
		HideSolutionNode = FALSE
	EndGlobalSection
	GlobalSection(ExtensibilityGlobals) = postSolution
		SolutionGuid = {8E790C79-C36B-421A-8D71-FA2EE03E6147}
	EndGlobalSection
EndGlobal
